
Microsoft Visual Studio Solution File, Format Version 12.00
# Visual Studio Version 16
VisualStudioVersion = 16.0.31624.102
MinimumVisualStudioVersion = 10.0.40219.1
Project("{FAE04EC0-301F-11D3-BF4B-00C04F79EFBC}") = "BEOPM4_02_01", "BEOPM4_02\BEOPM4_02_01.csproj", "{C56978BE-C393-47A3-BAD4-4112F9135A94}"
EndProject
Project("{FAE04EC0-301F-11D3-BF4B-00C04F79EFBC}") = "BEOPM4_02_02", "BEOPM4_02_02\BEOPM4_02_02.csproj", "{C1091333-217D-40BB-A3B1-EF4FA8BE6F90}"
EndProject
Project("{FAE04EC0-301F-11D3-BF4B-00C04F79EFBC}") = "BEOPM4_02_03", "BEOPM4_02_03\BEOPM4_02_03.csproj", "{3EA55D71-0868-4C37-ABFA-5394B3C4AED2}"
EndProject
Global
	GlobalSection(SolutionConfigurationPlatforms) = preSolution
		Debug|Any CPU = Debug|Any CPU
		Release|Any CPU = Release|Any CPU
	EndGlobalSection
	GlobalSection(ProjectConfigurationPlatforms) = postSolution
		{C56978BE-C393-47A3-BAD4-4112F9135A94}.Debug|Any CPU.ActiveCfg = Debug|Any CPU
		{C56978BE-C393-47A3-BAD4-4112F9135A94}.Debug|Any CPU.Build.0 = Debug|Any CPU
		{C56978BE-C393-47A3-BAD4-4112F9135A94}.Release|Any CPU.ActiveCfg = Release|Any CPU
		{C56978BE-C393-47A3-BAD4-4112F9135A94}.Release|Any CPU.Build.0 = Release|Any CPU
		{C1091333-217D-40BB-A3B1-EF4FA8BE6F90}.Debug|Any CPU.ActiveCfg = Debug|Any CPU
		{C1091333-217D-40BB-A3B1-EF4FA8BE6F90}.Debug|Any CPU.Build.0 = Debug|Any CPU
		{C1091333-217D-40BB-A3B1-EF4FA8BE6F90}.Release|Any CPU.ActiveCfg = Release|Any CPU
		{C1091333-217D-40BB-A3B1-EF4FA8BE6F90}.Release|Any CPU.Build.0 = Release|Any CPU
		{3EA55D71-0868-4C37-ABFA-5394B3C4AED2}.Debug|Any CPU.ActiveCfg = Debug|Any CPU
		{3EA55D71-0868-4C37-ABFA-5394B3C4AED2}.Debug|Any CPU.Build.0 = Debug|Any CPU
		{3EA55D71-0868-4C37-ABFA-5394B3C4AED2}.Release|Any CPU.ActiveCfg = Release|Any CPU
		{3EA55D71-0868-4C37-ABFA-5394B3C4AED2}.Release|Any CPU.Build.0 = Release|Any CPU
	EndGlobalSection
	GlobalSection(SolutionProperties) = preSolution
		HideSolutionNode = FALSE
	EndGlobalSection
	GlobalSection(ExtensibilityGlobals) = postSolution
		SolutionGuid = {A7DF5CD8-1033-45A6-83DB-0E074A6F9285}
	EndGlobalSection
EndGlobal
