
Microsoft Visual Studio Solution File, Format Version 12.00
# Visual Studio Version 16
VisualStudioVersion = 16.0.31624.102
MinimumVisualStudioVersion = 10.0.40219.1
Project("{9A19103F-16F7-4668-BE54-9A1E7A4F7556}") = "BEOPM4_02_01", "BEOPM4_02\BEOPM4_02_01.csproj", "{C56978BE-C393-47A3-BAD4-4112F9135A94}"
EndProject
Project("{9A19103F-16F7-4668-BE54-9A1E7A4F7556}") = "BEOPM4_02_02", "BEOPM4_02_02\BEOPM4_02_02.csproj", "{C1091333-217D-40BB-A3B1-EF4FA8BE6F90}"
EndProject
Project("{9A19103F-16F7-4668-BE54-9A1E7A4F7556}") = "BEOPM4_02_03", "BEOPM4_02_03\BEOPM4_02_03.csproj", "{3EA55D71-0868-4C37-ABFA-5394B3C4AED2}"
EndProject
Project("{9A19103F-16F7-4668-BE54-9A1E7A4F7556}") = "BEOPM4_02_04", "BEOPM4_02_04\BEOPM4_02_04.csproj", "{640FB967-0053-4FAB-A90D-7E07E0C0EF8F}"
EndProject
Project("{9A19103F-16F7-4668-BE54-9A1E7A4F7556}") = "BEOPM4_02_05", "BEOPM4_02_05\BEOPM4_02_05.csproj", "{9BAD95AA-0054-4C9F-B901-8DC38B1CD60C}"
EndProject
Project("{FAE04EC0-301F-11D3-BF4B-00C04F79EFBC}") = "BEOPM4_02_06", "BEOPM4_02_06\BEOPM4_02_06.csproj", "{1BC5A8AF-2038-4915-8071-9B61273F6B9F}"
EndProject
Project("{FAE04EC0-301F-11D3-BF4B-00C04F79EFBC}") = "BEOPM4_02_07", "BEOPM4_02_07\BEOPM4_02_07.csproj", "{2AD46A8A-5EE9-48A8-899B-9CD21355CB1D}"
EndProject
Project("{FAE04EC0-301F-11D3-BF4B-00C04F79EFBC}") = "BEOPM4_02_08", "BEOPM4_02_08\BEOPM4_02_08.csproj", "{335C19DE-C7D4-431F-AA9A-37353FAB64C5}"
EndProject
Project("{FAE04EC0-301F-11D3-BF4B-00C04F79EFBC}") = "BEOPM4_02_09", "BEOPM4_02_09\BEOPM4_02_09.csproj", "{C7CD0219-51B5-4AF6-B3E1-D7A4895CFE9C}"
EndProject
Project("{FAE04EC0-301F-11D3-BF4B-00C04F79EFBC}") = "BEOPM4_02_10", "BEOPM4_02_10\BEOPM4_02_10.csproj", "{41A6F38A-29FE-46A4-B73D-6EBD00FC480B}"
EndProject
Global
	GlobalSection(SolutionConfigurationPlatforms) = preSolution
		Debug|Any CPU = Debug|Any CPU
		Release|Any CPU = Release|Any CPU
	EndGlobalSection
	GlobalSection(ProjectConfigurationPlatforms) = postSolution
		{C56978BE-C393-47A3-BAD4-4112F9135A94}.Debug|Any CPU.ActiveCfg = Debug|Any CPU
		{C56978BE-C393-47A3-BAD4-4112F9135A94}.Debug|Any CPU.Build.0 = Debug|Any CPU
		{C56978BE-C393-47A3-BAD4-4112F9135A94}.Release|Any CPU.ActiveCfg = Release|Any CPU
		{C56978BE-C393-47A3-BAD4-4112F9135A94}.Release|Any CPU.Build.0 = Release|Any CPU
		{C1091333-217D-40BB-A3B1-EF4FA8BE6F90}.Debug|Any CPU.ActiveCfg = Debug|Any CPU
		{C1091333-217D-40BB-A3B1-EF4FA8BE6F90}.Debug|Any CPU.Build.0 = Debug|Any CPU
		{C1091333-217D-40BB-A3B1-EF4FA8BE6F90}.Release|Any CPU.ActiveCfg = Release|Any CPU
		{C1091333-217D-40BB-A3B1-EF4FA8BE6F90}.Release|Any CPU.Build.0 = Release|Any CPU
		{3EA55D71-0868-4C37-ABFA-5394B3C4AED2}.Debug|Any CPU.ActiveCfg = Debug|Any CPU
		{3EA55D71-0868-4C37-ABFA-5394B3C4AED2}.Debug|Any CPU.Build.0 = Debug|Any CPU
		{3EA55D71-0868-4C37-ABFA-5394B3C4AED2}.Release|Any CPU.ActiveCfg = Release|Any CPU
		{3EA55D71-0868-4C37-ABFA-5394B3C4AED2}.Release|Any CPU.Build.0 = Release|Any CPU
		{640FB967-0053-4FAB-A90D-7E07E0C0EF8F}.Debug|Any CPU.ActiveCfg = Debug|Any CPU
		{640FB967-0053-4FAB-A90D-7E07E0C0EF8F}.Debug|Any CPU.Build.0 = Debug|Any CPU
		{640FB967-0053-4FAB-A90D-7E07E0C0EF8F}.Release|Any CPU.ActiveCfg = Release|Any CPU
		{640FB967-0053-4FAB-A90D-7E07E0C0EF8F}.Release|Any CPU.Build.0 = Release|Any CPU
		{9BAD95AA-0054-4C9F-B901-8DC38B1CD60C}.Debug|Any CPU.ActiveCfg = Debug|Any CPU
		{9BAD95AA-0054-4C9F-B901-8DC38B1CD60C}.Debug|Any CPU.Build.0 = Debug|Any CPU
		{9BAD95AA-0054-4C9F-B901-8DC38B1CD60C}.Release|Any CPU.ActiveCfg = Release|Any CPU
		{9BAD95AA-0054-4C9F-B901-8DC38B1CD60C}.Release|Any CPU.Build.0 = Release|Any CPU
		{1BC5A8AF-2038-4915-8071-9B61273F6B9F}.Debug|Any CPU.ActiveCfg = Debug|Any CPU
		{1BC5A8AF-2038-4915-8071-9B61273F6B9F}.Debug|Any CPU.Build.0 = Debug|Any CPU
		{1BC5A8AF-2038-4915-8071-9B61273F6B9F}.Release|Any CPU.ActiveCfg = Release|Any CPU
		{1BC5A8AF-2038-4915-8071-9B61273F6B9F}.Release|Any CPU.Build.0 = Release|Any CPU
		{2AD46A8A-5EE9-48A8-899B-9CD21355CB1D}.Debug|Any CPU.ActiveCfg = Debug|Any CPU
		{2AD46A8A-5EE9-48A8-899B-9CD21355CB1D}.Debug|Any CPU.Build.0 = Debug|Any CPU
		{2AD46A8A-5EE9-48A8-899B-9CD21355CB1D}.Release|Any CPU.ActiveCfg = Release|Any CPU
		{2AD46A8A-5EE9-48A8-899B-9CD21355CB1D}.Release|Any CPU.Build.0 = Release|Any CPU
		{335C19DE-C7D4-431F-AA9A-37353FAB64C5}.Debug|Any CPU.ActiveCfg = Debug|Any CPU
		{335C19DE-C7D4-431F-AA9A-37353FAB64C5}.Debug|Any CPU.Build.0 = Debug|Any CPU
		{335C19DE-C7D4-431F-AA9A-37353FAB64C5}.Release|Any CPU.ActiveCfg = Release|Any CPU
		{335C19DE-C7D4-431F-AA9A-37353FAB64C5}.Release|Any CPU.Build.0 = Release|Any CPU
		{C7CD0219-51B5-4AF6-B3E1-D7A4895CFE9C}.Debug|Any CPU.ActiveCfg = Debug|Any CPU
		{C7CD0219-51B5-4AF6-B3E1-D7A4895CFE9C}.Debug|Any CPU.Build.0 = Debug|Any CPU
		{C7CD0219-51B5-4AF6-B3E1-D7A4895CFE9C}.Release|Any CPU.ActiveCfg = Release|Any CPU
		{C7CD0219-51B5-4AF6-B3E1-D7A4895CFE9C}.Release|Any CPU.Build.0 = Release|Any CPU
		{41A6F38A-29FE-46A4-B73D-6EBD00FC480B}.Debug|Any CPU.ActiveCfg = Debug|Any CPU
		{41A6F38A-29FE-46A4-B73D-6EBD00FC480B}.Debug|Any CPU.Build.0 = Debug|Any CPU
		{41A6F38A-29FE-46A4-B73D-6EBD00FC480B}.Release|Any CPU.ActiveCfg = Release|Any CPU
		{41A6F38A-29FE-46A4-B73D-6EBD00FC480B}.Release|Any CPU.Build.0 = Release|Any CPU
	EndGlobalSection
	GlobalSection(SolutionProperties) = preSolution
		HideSolutionNode = FALSE
	EndGlobalSection
	GlobalSection(ExtensibilityGlobals) = postSolution
		SolutionGuid = {A7DF5CD8-1033-45A6-83DB-0E074A6F9285}
	EndGlobalSection
EndGlobal
